# THIS IS AN AUTOGENERATED FILE. DO NOT EDIT THIS FILE DIRECTLY.
# yarn lockfile v1


tmind-def@^1.0.3:
  version "1.0.3"
  resolved "https://registry.yarnpkg.com/tmind-def/-/tmind-def-1.0.3.tgz#9835b6376e0b42c679844f4054e89e185055234d"
  integrity sha512-WWQJXH8mCg8G+4JwM43RCiF9qKs6UXCIdjLQ/K6/9XfcuR3ogpoUkGvrAJY/UvRUTYDD+/1wUHGV01Ha3F6yhw==

tmind-def@^1.0.4:
  version "1.0.4"
  resolved "https://registry.yarnpkg.com/tmind-def/-/tmind-def-1.0.4.tgz#42f595bf0b56a9a6a7cf03b4a45df1e8f535f405"
  integrity sha512-XVzZ8wJmEFdupuGLUoM4WQuqIqVZdE3mjzy93UffjntThjQ0EJCfMX8PPqLJZub19TOk9hiEIpKGyg5Gm8XkYg==
  dependencies:
    tmind-def "^1.0.3"
